
Microsoft Visual Studio Solution File, Format Version 12.00
# Visual Studio Version 16
VisualStudioVersion = 25.0.1706.14
MinimumVisualStudioVersion = 10.0.40219.1
Project("{FAE04EC0-301F-11D3-BF4B-00C04F79EFBC}") = "ClassBoxData", "ClassBoxData\ClassBoxData.csproj", "{96EE6161-54D3-43D2-8FDD-EF81D22EBA18}"
EndProject
Project("{FAE04EC0-301F-11D3-BF4B-00C04F79EFBC}") = "PizzaCalories", "PizzaCalories\PizzaCalories.csproj", "{AD11FE94-8972-45A7-82D4-417B3DF9BCF1}"
EndProject
Project("{FAE04EC0-301F-11D3-BF4B-00C04F79EFBC}") = "ShoppingSpree", "ShoppingSpree\ShoppingSpree.csproj", "{9B80BB94-B36A-437C-BDA9-3E82380172B8}"
EndProject
Global
	GlobalSection(SolutionConfigurationPlatforms) = preSolution
		Debug|Any CPU = Debug|Any CPU
		Release|Any CPU = Release|Any CPU
	EndGlobalSection
	GlobalSection(ProjectConfigurationPlatforms) = postSolution
		{96EE6161-54D3-43D2-8FDD-EF81D22EBA18}.Debug|Any CPU.ActiveCfg = Debug|Any CPU
		{96EE6161-54D3-43D2-8FDD-EF81D22EBA18}.Debug|Any CPU.Build.0 = Debug|Any CPU
		{96EE6161-54D3-43D2-8FDD-EF81D22EBA18}.Release|Any CPU.ActiveCfg = Release|Any CPU
		{96EE6161-54D3-43D2-8FDD-EF81D22EBA18}.Release|Any CPU.Build.0 = Release|Any CPU
		{AD11FE94-8972-45A7-82D4-417B3DF9BCF1}.Debug|Any CPU.ActiveCfg = Debug|Any CPU
		{AD11FE94-8972-45A7-82D4-417B3DF9BCF1}.Debug|Any CPU.Build.0 = Debug|Any CPU
		{AD11FE94-8972-45A7-82D4-417B3DF9BCF1}.Release|Any CPU.ActiveCfg = Release|Any CPU
		{AD11FE94-8972-45A7-82D4-417B3DF9BCF1}.Release|Any CPU.Build.0 = Release|Any CPU
		{9B80BB94-B36A-437C-BDA9-3E82380172B8}.Debug|Any CPU.ActiveCfg = Debug|Any CPU
		{9B80BB94-B36A-437C-BDA9-3E82380172B8}.Debug|Any CPU.Build.0 = Debug|Any CPU
		{9B80BB94-B36A-437C-BDA9-3E82380172B8}.Release|Any CPU.ActiveCfg = Release|Any CPU
		{9B80BB94-B36A-437C-BDA9-3E82380172B8}.Release|Any CPU.Build.0 = Release|Any CPU
	EndGlobalSection
	GlobalSection(SolutionProperties) = preSolution
		HideSolutionNode = FALSE
	EndGlobalSection
	GlobalSection(ExtensibilityGlobals) = postSolution
		SolutionGuid = {BB8C9160-55C6-4D21-BE25-6378FFF317BA}
	EndGlobalSection
EndGlobal
