
Microsoft Visual Studio Solution File, Format Version 12.00
# Visual Studio Version 16
VisualStudioVersion = 25.0.1706.14
MinimumVisualStudioVersion = 10.0.40219.1
Project("{FAE04EC0-301F-11D3-BF4B-00C04F79EFBC}") = "SingleInheritance", "SingleInheritance\SingleInheritance.csproj", "{3873E9FB-35F1-4CA9-ADAE-FA8F54E1BFD6}"
EndProject
Project("{FAE04EC0-301F-11D3-BF4B-00C04F79EFBC}") = "MultipleInheritance", "MultipleInheritance\MultipleInheritance.csproj", "{5A1198E4-15A1-4B80-9109-BE1730521976}"
EndProject
Project("{FAE04EC0-301F-11D3-BF4B-00C04F79EFBC}") = "HierarchicalInheritance", "HierarchicalInheritance\HierarchicalInheritance.csproj", "{0DB2ABF6-CF05-4633-AB91-9C65EDE96B5B}"
EndProject
Project("{FAE04EC0-301F-11D3-BF4B-00C04F79EFBC}") = "RandomList", "RandomList\RandomList.csproj", "{886E7FD4-9566-4452-8E99-6E2BD3F15466}"
EndProject
Project("{FAE04EC0-301F-11D3-BF4B-00C04F79EFBC}") = "StackOfStrings", "StackOfStrings\StackOfStrings.csproj", "{2A013E81-6033-4F65-B9DD-0D30F2299606}"
EndProject
Global
	GlobalSection(SolutionConfigurationPlatforms) = preSolution
		Debug|Any CPU = Debug|Any CPU
		Release|Any CPU = Release|Any CPU
	EndGlobalSection
	GlobalSection(ProjectConfigurationPlatforms) = postSolution
		{3873E9FB-35F1-4CA9-ADAE-FA8F54E1BFD6}.Debug|Any CPU.ActiveCfg = Debug|Any CPU
		{3873E9FB-35F1-4CA9-ADAE-FA8F54E1BFD6}.Debug|Any CPU.Build.0 = Debug|Any CPU
		{3873E9FB-35F1-4CA9-ADAE-FA8F54E1BFD6}.Release|Any CPU.ActiveCfg = Release|Any CPU
		{3873E9FB-35F1-4CA9-ADAE-FA8F54E1BFD6}.Release|Any CPU.Build.0 = Release|Any CPU
		{5A1198E4-15A1-4B80-9109-BE1730521976}.Debug|Any CPU.ActiveCfg = Debug|Any CPU
		{5A1198E4-15A1-4B80-9109-BE1730521976}.Debug|Any CPU.Build.0 = Debug|Any CPU
		{5A1198E4-15A1-4B80-9109-BE1730521976}.Release|Any CPU.ActiveCfg = Release|Any CPU
		{5A1198E4-15A1-4B80-9109-BE1730521976}.Release|Any CPU.Build.0 = Release|Any CPU
		{0DB2ABF6-CF05-4633-AB91-9C65EDE96B5B}.Debug|Any CPU.ActiveCfg = Debug|Any CPU
		{0DB2ABF6-CF05-4633-AB91-9C65EDE96B5B}.Debug|Any CPU.Build.0 = Debug|Any CPU
		{0DB2ABF6-CF05-4633-AB91-9C65EDE96B5B}.Release|Any CPU.ActiveCfg = Release|Any CPU
		{0DB2ABF6-CF05-4633-AB91-9C65EDE96B5B}.Release|Any CPU.Build.0 = Release|Any CPU
		{886E7FD4-9566-4452-8E99-6E2BD3F15466}.Debug|Any CPU.ActiveCfg = Debug|Any CPU
		{886E7FD4-9566-4452-8E99-6E2BD3F15466}.Debug|Any CPU.Build.0 = Debug|Any CPU
		{886E7FD4-9566-4452-8E99-6E2BD3F15466}.Release|Any CPU.ActiveCfg = Release|Any CPU
		{886E7FD4-9566-4452-8E99-6E2BD3F15466}.Release|Any CPU.Build.0 = Release|Any CPU
		{2A013E81-6033-4F65-B9DD-0D30F2299606}.Debug|Any CPU.ActiveCfg = Debug|Any CPU
		{2A013E81-6033-4F65-B9DD-0D30F2299606}.Debug|Any CPU.Build.0 = Debug|Any CPU
		{2A013E81-6033-4F65-B9DD-0D30F2299606}.Release|Any CPU.ActiveCfg = Release|Any CPU
		{2A013E81-6033-4F65-B9DD-0D30F2299606}.Release|Any CPU.Build.0 = Release|Any CPU
	EndGlobalSection
	GlobalSection(SolutionProperties) = preSolution
		HideSolutionNode = FALSE
	EndGlobalSection
	GlobalSection(ExtensibilityGlobals) = postSolution
		SolutionGuid = {D1D70480-E026-42DE-A3E1-3474EEA5135F}
	EndGlobalSection
EndGlobal
